
Microsoft Visual Studio Solution File, Format Version 12.00
# Visual Studio Version 16
VisualStudioVersion = 16.0.30717.126
MinimumVisualStudioVersion = 10.0.40219.1
Project("{FAE04EC0-301F-11D3-BF4B-00C04F79EFBC}") = "AdventOfCode", "AdventOfCode.csproj", "{D3BCB4E1-90F9-40FC-AD2B-84DBB16135BF}"
EndProject
Global
	GlobalSection(SolutionConfigurationPlatforms) = preSolution
		Debug|Any CPU = Debug|Any CPU
		Release|Any CPU = Release|Any CPU
	EndGlobalSection
	GlobalSection(ProjectConfigurationPlatforms) = postSolution
		{D3BCB4E1-90F9-40FC-AD2B-84DBB16135BF}.Debug|Any CPU.ActiveCfg = Debug|Any CPU
		{D3BCB4E1-90F9-40FC-AD2B-84DBB16135BF}.Debug|Any CPU.Build.0 = Debug|Any CPU
		{D3BCB4E1-90F9-40FC-AD2B-84DBB16135BF}.Release|Any CPU.ActiveCfg = Release|Any CPU
		{D3BCB4E1-90F9-40FC-AD2B-84DBB16135BF}.Release|Any CPU.Build.0 = Release|Any CPU
	EndGlobalSection
	GlobalSection(SolutionProperties) = preSolution
		HideSolutionNode = FALSE
	EndGlobalSection
	GlobalSection(ExtensibilityGlobals) = postSolution
		SolutionGuid = {978187EB-FCDE-43EB-AD7A-A92210F46097}
	EndGlobalSection
EndGlobal
